Microsoft Visual Studio Solution File, Format Version 12.00
# Visual Studio 2012
Project("{FAE04EC0-301F-11D3-BF4B-00C04F79EFBC}") = "MeshBuilderTraining", "MeshBuilderTraining.csproj", "{B9759C76-C603-415C-998D-30C465F8A28C}"
EndProject
Global
	GlobalSection(SolutionConfigurationPlatforms) = preSolution
	Debug|Any CPU = Debug|Any CPU
	ExportDebug|Any CPU = ExportDebug|Any CPU
	ExportRelease|Any CPU = ExportRelease|Any CPU
	EndGlobalSection
	GlobalSection(ProjectConfigurationPlatforms) = postSolution
		{B9759C76-C603-415C-998D-30C465F8A28C}.Debug|Any CPU.ActiveCfg = Debug|Any CPU
		{B9759C76-C603-415C-998D-30C465F8A28C}.Debug|Any CPU.Build.0 = Debug|Any CPU
		{B9759C76-C603-415C-998D-30C465F8A28C}.ExportDebug|Any CPU.ActiveCfg = ExportDebug|Any CPU
		{B9759C76-C603-415C-998D-30C465F8A28C}.ExportDebug|Any CPU.Build.0 = ExportDebug|Any CPU
		{B9759C76-C603-415C-998D-30C465F8A28C}.ExportRelease|Any CPU.ActiveCfg = ExportRelease|Any CPU
		{B9759C76-C603-415C-998D-30C465F8A28C}.ExportRelease|Any CPU.Build.0 = ExportRelease|Any CPU
	EndGlobalSection
EndGlobal
